{
  "name": "new_ajsnode",
  "version": "1.0.0",
  "lockfileVersion": 3,
  "requires": true,
  "packages": {
    "": {
      "name": "new_ajsnode",
      "version": "1.0.0",
      "license": "ISC",
      "dependencies": {
        "@elena-s04/ajs": "^1.0.0"
      }
    },
    "node_modules/@elena-s04/ajs": {
      "version": "1.0.0",
      "resolved": "https://npm.pkg.github.com/download/@elena-s04/ajs/1.0.0/910ecb69987981dfe9a3cbff38d22def4d51db7d",
      "integrity": "sha512-U1yFn0kn7bSWEc1/xG5X7mdqNBZ6DLnuxAm1viQf63x44vhtfNthPDAOmIgrTyYHvEvi9HALzvTkeOm4s382wQ==",
      "license": "ISC"
    }
  }
}
